// !$*UTF8*$!
{
	archiveVersion = 1;
	classes = {
	};
	objectVersion = 56;
	objects = {

/* Begin PBXBuildFile section */
		FB122FE02D6F797D00CD005A /* Agenda_ShuffleApp.swift in Sources */ = {isa = PBXBuildFile; fileRef = FB122FDF2D6F797D00CD005A /* Agenda_ShuffleApp.swift */; };
		FB122FE22D6F797D00CD005A /* ContentView.swift in Sources */ = {isa = PBXBuildFile; fileRef = FB122FE12D6F797D00CD005A /* ContentView.swift */; };
		FB122FE42D6F797E00CD005A /* Assets.xcassets in Resources */ = {isa = PBXBuildFile; fileRef = FB122FE32D6F797E00CD005A /* Assets.xcassets */; };
		FB122FE72D6F797E00CD005A /* Preview Assets.xcassets in Resources */ = {isa = PBXBuildFile; fileRef = FB122FE62D6F797E00CD005A /* Preview Assets.xcassets */; };
		FB122FEE2D6F7C0A00CD005A /* PantallaAgenda.swift in Sources */ = {isa = PBXBuildFile; fileRef = FB122FED2D6F7C0A00CD005A /* PantallaAgenda.swift */; };
		FB122FF12D6F7FC300CD005A /* contacto_preview.swift in Sources */ = {isa = PBXBuildFile; fileRef = FB122FF02D6F7FC300CD005A /* contacto_preview.swift */; };
		FB122FF42D6F871500CD005A /* contacto_agenda.swift in Sources */ = {isa = PBXBuildFile; fileRef = FB122FF32D6F871500CD005A /* contacto_agenda.swift */; };
		FB9DA8432D7618CE00859DC7 /* pantalla_agregar_contacto.swift in Sources */ = {isa = PBXBuildFile; fileRef = FB9DA8422D7618CE00859DC7 /* pantalla_agregar_contacto.swift */; };
		FB9DA8452D761C4300859DC7 /* Icono.swift in Sources */ = {isa = PBXBuildFile; fileRef = FB9DA8442D761C4300859DC7 /* Icono.swift */; };
/* End PBXBuildFile section */

/* Begin PBXFileReference section */
		FB122FDC2D6F797D00CD005A /* Agenda_Shuffle.app */ = {isa = PBXFileReference; explicitFileType = wrapper.application; includeInIndex = 0; path = Agenda_Shuffle.app; sourceTree = BUILT_PRODUCTS_DIR; };
		FB122FDF2D6F797D00CD005A /* Agenda_ShuffleApp.swift */ = {isa = PBXFileReference; lastKnownFileType = sourcecode.swift; path = Agenda_ShuffleApp.swift; sourceTree = "<group>"; };
		FB122FE12D6F797D00CD005A /* ContentView.swift */ = {isa = PBXFileReference; lastKnownFileType = sourcecode.swift; path = ContentView.swift; sourceTree = "<group>"; };
		FB122FE32D6F797E00CD005A /* Assets.xcassets */ = {isa = PBXFileReference; lastKnownFileType = folder.assetcatalog; path = Assets.xcassets; sourceTree = "<group>"; };
		FB122FE62D6F797E00CD005A /* Preview Assets.xcassets */ = {isa = PBXFileReference; lastKnownFileType = folder.assetcatalog; path = "Preview Assets.xcassets"; sourceTree = "<group>"; };
		FB122FED2D6F7C0A00CD005A /* PantallaAgenda.swift */ = {isa = PBXFileReference; lastKnownFileType = sourcecode.swift; path = PantallaAgenda.swift; sourceTree = "<group>"; };
		FB122FF02D6F7FC300CD005A /* contacto_preview.swift */ = {isa = PBXFileReference; lastKnownFileType = sourcecode.swift; path = contacto_preview.swift; sourceTree = "<group>"; };
		FB122FF32D6F871500CD005A /* contacto_agenda.swift */ = {isa = PBXFileReference; lastKnownFileType = sourcecode.swift; path = contacto_agenda.swift; sourceTree = "<group>"; };
		FB9DA8422D7618CE00859DC7 /* pantalla_agregar_contacto.swift */ = {isa = PBXFileReference; lastKnownFileType = sourcecode.swift; path = pantalla_agregar_contacto.swift; sourceTree = "<group>"; };
		FB9DA8442D761C4300859DC7 /* Icono.swift */ = {isa = PBXFileReference; lastKnownFileType = sourcecode.swift; path = Icono.swift; sourceTree = "<group>"; };
/* End PBXFileReference section */

/* Begin PBXFrameworksBuildPhase section */
		FB122FD92D6F797D00CD005A /* Frameworks */ = {
			isa = PBXFrameworksBuildPhase;
			buildActionMask = 2147483647;
			files = (
			);
			runOnlyForDeploymentPostprocessing = 0;
		};
/* End PBXFrameworksBuildPhase section */

/* Begin PBXGroup section */
		FB122FD32D6F797D00CD005A = {
			isa = PBXGroup;
			children = (
				FB122FDE2D6F797D00CD005A /* Agenda_Shuffle */,
				FB122FDD2D6F797D00CD005A /* Products */,
			);
			sourceTree = "<group>";
		};
		FB122FDD2D6F797D00CD005A /* Products */ = {
			isa = PBXGroup;
			children = (
				FB122FDC2D6F797D00CD005A /* Agenda_Shuffle.app */,
			);
			name = Products;
			sourceTree = "<group>";
		};
		FB122FDE2D6F797D00CD005A /* Agenda_Shuffle */ = {
			isa = PBXGroup;
			children = (
				FB9DA8412D7618A900859DC7 /* pantallas */,
				FB122FF22D6F85AE00CD005A /* modelos */,
				FB122FEF2D6F7F6600CD005A /* componentes */,
				FB122FDF2D6F797D00CD005A /* Agenda_ShuffleApp.swift */,
				FB122FE12D6F797D00CD005A /* ContentView.swift */,
				FB122FE32D6F797E00CD005A /* Assets.xcassets */,
				FB122FE52D6F797E00CD005A /* Preview Content */,
				FB122FED2D6F7C0A00CD005A /* PantallaAgenda.swift */,
			);
			path = Agenda_Shuffle;
			sourceTree = "<group>";
		};
		FB122FE52D6F797E00CD005A /* Preview Content */ = {
			isa = PBXGroup;
			children = (
				FB122FE62D6F797E00CD005A /* Preview Assets.xcassets */,
			);
			path = "Preview Content";
			sourceTree = "<group>";
		};
		FB122FEF2D6F7F6600CD005A /* componentes */ = {
			isa = PBXGroup;
			children = (
				FB122FF02D6F7FC300CD005A /* contacto_preview.swift */,
				FB9DA8442D761C4300859DC7 /* Icono.swift */,
			);
			path = componentes;
			sourceTree = "<group>";
		};
		FB122FF22D6F85AE00CD005A /* modelos */ = {
			isa = PBXGroup;
			children = (
				FB122FF32D6F871500CD005A /* contacto_agenda.swift */,
			);
			path = modelos;
			sourceTree = "<group>";
		};
		FB9DA8412D7618A900859DC7 /* pantallas */ = {
			isa = PBXGroup;
			children = (
				FB9DA8422D7618CE00859DC7 /* pantalla_agregar_contacto.swift */,
			);
			path = pantallas;
			sourceTree = "<group>";
		};
/* End PBXGroup section */

/* Begin PBXNativeTarget section */
		FB122FDB2D6F797D00CD005A /* Agenda_Shuffle */ = {
			isa = PBXNativeTarget;
			buildConfigurationList = FB122FEA2D6F797E00CD005A /* Build configuration list for PBXNativeTarget "Agenda_Shuffle" */;
			buildPhases = (
				FB122FD82D6F797D00CD005A /* Sources */,
				FB122FD92D6F797D00CD005A /* Frameworks */,
				FB122FDA2D6F797D00CD005A /* Resources */,
			);
			buildRules = (
			);
			dependencies = (
			);
			name = Agenda_Shuffle;
			productName = Agenda_Shuffle;
			productReference = FB122FDC2D6F797D00CD005A /* Agenda_Shuffle.app */;
			productType = "com.apple.product-type.application";
		};
/* End PBXNativeTarget section */

/* Begin PBXProject section */
		FB122FD42D6F797D00CD005A /* Project object */ = {
			isa = PBXProject;
			attributes = {
				BuildIndependentTargetsInParallel = 1;
				LastSwiftUpdateCheck = 1540;
				LastUpgradeCheck = 1540;
				TargetAttributes = {
					FB122FDB2D6F797D00CD005A = {
						CreatedOnToolsVersion = 15.4;
					};
				};
			};
			buildConfigurationList = FB122FD72D6F797D00CD005A /* Build configuration list for PBXProject "Agenda_Shuffle" */;
			compatibilityVersion = "Xcode 14.0";
			developmentRegion = en;
			hasScannedForEncodings = 0;
			knownRegions = (
				en,
				Base,
			);
			mainGroup = FB122FD32D6F797D00CD005A;
			productRefGroup = FB122FDD2D6F797D00CD005A /* Products */;
			projectDirPath = "";
			projectRoot = "";
			targets = (
				FB122FDB2D6F797D00CD005A /* Agenda_Shuffle */,
			);
		};
/* End PBXProject section */

/* Begin PBXResourcesBuildPhase section */
		FB122FDA2D6F797D00CD005A /* Resources */ = {
			isa = PBXResourcesBuildPhase;
			buildActionMask = 2147483647;
			files = (
				FB122FE72D6F797E00CD005A /* Preview Assets.xcassets in Resources */,
				FB122FE42D6F797E00CD005A /* Assets.xcassets in Resources */,
			);
			runOnlyForDeploymentPostprocessing = 0;
		};
/* End PBXResourcesBuildPhase section */

/* Begin PBXSourcesBuildPhase section */
		FB122FD82D6F797D00CD005A /* Sources */ = {
			isa = PBXSourcesBuildPhase;
			buildActionMask = 2147483647;
			files = (
				FB122FE22D6F797D00CD005A /* ContentView.swift in Sources */,
				FB122FF12D6F7FC300CD005A /* contacto_preview.swift in Sources */,
				FB122FF42D6F871500CD005A /* contacto_agenda.swift in Sources */,
				FB9DA8452D761C4300859DC7 /* Icono.swift in Sources */,
				FB122FEE2D6F7C0A00CD005A /* PantallaAgenda.swift in Sources */,
				FB122FE02D6F797D00CD005A /* Agenda_ShuffleApp.swift in Sources */,
				FB9DA8432D7618CE00859DC7 /* pantalla_agregar_contacto.swift in Sources */,
			);
			runOnlyForDeploymentPostprocessing = 0;
		};
/* End PBXSourcesBuildPhase section */

/* Begin XCBuildConfiguration section */
		FB122FE82D6F797E00CD005A /* Debug */ = {
			isa = XCBuildConfiguration;
			buildSettings = {
				ALWAYS_SEARCH_USER_PATHS = NO;
				ASSETCATALOG_COMPILER_GENERATE_SWIFT_ASSET_SYMBOL_EXTENSIONS = YES;
				CLANG_ANALYZER_NONNULL = YES;
				CLANG_ANALYZER_NUMBER_OBJECT_CONVERSION = YES_AGGRESSIVE;
				CLANG_CXX_LANGUAGE_STANDARD = "gnu++20";
				CLANG_ENABLE_MODULES = YES;
				CLANG_ENABLE_OBJC_ARC = YES;
				CLANG_ENABLE_OBJC_WEAK = YES;
				CLANG_WARN_BLOCK_CAPTURE_AUTORELEASING = YES;
				CLANG_WARN_BOOL_CONVERSION = YES;
				CLANG_WARN_COMMA = YES;
				CLANG_WARN_CONSTANT_CONVERSION = YES;
				CLANG_WARN_DEPRECATED_OBJC_IMPLEMENTATIONS = YES;
				CLANG_WARN_DIRECT_OBJC_ISA_USAGE = YES_ERROR;
				CLANG_WARN_DOCUMENTATION_COMMENTS = YES;
				CLANG_WARN_EMPTY_BODY = YES;
				CLANG_WARN_ENUM_CONVERSION = YES;
				CLANG_WARN_INFINITE_RECURSION = YES;
				CLANG_WARN_INT_CONVERSION = YES;
				CLANG_WARN_NON_LITERAL_NULL_CONVERSION = YES;
				CLANG_WARN_OBJC_IMPLICIT_RETAIN_SELF = YES;
				CLANG_WARN_OBJC_LITERAL_CONVERSION = YES;
				CLANG_WARN_OBJC_ROOT_CLASS = YES_ERROR;
				CLANG_WARN_QUOTED_INCLUDE_IN_FRAMEWORK_HEADER = YES;
				CLANG_WARN_RANGE_LOOP_ANALYSIS = YES;
				CLANG_WARN_STRICT_PROTOTYPES = YES;
				CLANG_WARN_SUSPICIOUS_MOVE = YES;
				CLANG_WARN_UNGUARDED_AVAILABILITY = YES_AGGRESSIVE;
				CLANG_WARN_UNREACHABLE_CODE = YES;
				CLANG_WARN__DUPLICATE_METHOD_MATCH = YES;
				COPY_PHASE_STRIP = NO;
				DEBUG_INFORMATION_FORMAT = dwarf;
				ENABLE_STRICT_OBJC_MSGSEND = YES;
				ENABLE_TESTABILITY = YES;
				ENABLE_USER_SCRIPT_SANDBOXING = YES;
				GCC_C_LANGUAGE_STANDARD = gnu17;
				GCC_DYNAMIC_NO_PIC = NO;
				GCC_NO_COMMON_BLOCKS = YES;
				GCC_OPTIMIZATION_LEVEL = 0;
				GCC_PREPROCESSOR_DEFINITIONS = (
					"DEBUG=1",
					"$(inherited)",
				);
				GCC_WARN_64_TO_32_BIT_CONVERSION = YES;
				GCC_WARN_ABOUT_RETURN_TYPE = YES_ERROR;
				GCC_WARN_UNDECLARED_SELECTOR = YES;
				GCC_WARN_UNINITIALIZED_AUTOS = YES_AGGRESSIVE;
				GCC_WARN_UNUSED_FUNCTION = YES;
				GCC_WARN_UNUSED_VARIABLE = YES;
				IPHONEOS_DEPLOYMENT_TARGET = 17.5;
				LOCALIZATION_PREFERS_STRING_CATALOGS = YES;
				MTL_ENABLE_DEBUG_INFO = INCLUDE_SOURCE;
				MTL_FAST_MATH = YES;
				ONLY_ACTIVE_ARCH = YES;
				SDKROOT = iphoneos;
				SWIFT_ACTIVE_COMPILATION_CONDITIONS = "DEBUG $(inherited)";
				SWIFT_OPTIMIZATION_LEVEL = "-Onone";
			};
			name = Debug;
		};
		FB122FE92D6F797E00CD005A /* Release */ = {
			isa = XCBuildConfiguration;
			buildSettings = {
				ALWAYS_SEARCH_USER_PATHS = NO;
				ASSETCATALOG_COMPILER_GENERATE_SWIFT_ASSET_SYMBOL_EXTENSIONS = YES;
				CLANG_ANALYZER_NONNULL = YES;
				CLANG_ANALYZER_NUMBER_OBJECT_CONVERSION = YES_AGGRESSIVE;
				CLANG_CXX_LANGUAGE_STANDARD = "gnu++20";
				CLANG_ENABLE_MODULES = YES;
				CLANG_ENABLE_OBJC_ARC = YES;
				CLANG_ENABLE_OBJC_WEAK = YES;
				CLANG_WARN_BLOCK_CAPTURE_AUTORELEASING = YES;
				CLANG_WARN_BOOL_CONVERSION = YES;
				CLANG_WARN_COMMA = YES;
				CLANG_WARN_CONSTANT_CONVERSION = YES;
				CLANG_WARN_DEPRECATED_OBJC_IMPLEMENTATIONS = YES;
				CLANG_WARN_DIRECT_OBJC_ISA_USAGE = YES_ERROR;
				CLANG_WARN_DOCUMENTATION_COMMENTS = YES;
				CLANG_WARN_EMPTY_BODY = YES;
				CLANG_WARN_ENUM_CONVERSION = YES;
				CLANG_WARN_INFINITE_RECURSION = YES;
				CLANG_WARN_INT_CONVERSION = YES;
				CLANG_WARN_NON_LITERAL_NULL_CONVERSION = YES;
				CLANG_WARN_OBJC_IMPLICIT_RETAIN_SELF = YES;
				CLANG_WARN_OBJC_LITERAL_CONVERSION = YES;
				CLANG_WARN_OBJC_ROOT_CLASS = YES_ERROR;
				CLANG_WARN_QUOTED_INCLUDE_IN_FRAMEWORK_HEADER = YES;
				CLANG_WARN_RANGE_LOOP_ANALYSIS = YES;
				CLANG_WARN_STRICT_PROTOTYPES = YES;
				CLANG_WARN_SUSPICIOUS_MOVE = YES;
				CLANG_WARN_UNGUARDED_AVAILABILITY = YES_AGGRESSIVE;
				CLANG_WARN_UNREACHABLE_CODE = YES;
				CLANG_WARN__DUPLICATE_METHOD_MATCH = YES;
				COPY_PHASE_STRIP = NO;
				DEBUG_INFORMATION_FORMAT = "dwarf-with-dsym";
				ENABLE_NS_ASSERTIONS = NO;
				ENABLE_STRICT_OBJC_MSGSEND = YES;
				ENABLE_USER_SCRIPT_SANDBOXING = YES;
				GCC_C_LANGUAGE_STANDARD = gnu17;
				GCC_NO_COMMON_BLOCKS = YES;
				GCC_WARN_64_TO_32_BIT_CONVERSION = YES;
				GCC_WARN_ABOUT_RETURN_TYPE = YES_ERROR;
				GCC_WARN_UNDECLARED_SELECTOR = YES;
				GCC_WARN_UNINITIALIZED_AUTOS = YES_AGGRESSIVE;
				GCC_WARN_UNUSED_FUNCTION = YES;
				GCC_WARN_UNUSED_VARIABLE = YES;
				IPHONEOS_DEPLOYMENT_TARGET = 17.5;
				LOCALIZATION_PREFERS_STRING_CATALOGS = YES;
				MTL_ENABLE_DEBUG_INFO = NO;
				MTL_FAST_MATH = YES;
				SDKROOT = iphoneos;
				SWIFT_COMPILATION_MODE = wholemodule;
				VALIDATE_PRODUCT = YES;
			};
			name = Release;
		};
		FB122FEB2D6F797E00CD005A /* Debug */ = {
			isa = XCBuildConfiguration;
			buildSettings = {
				ASSETCATALOG_COMPILER_APPICON_NAME = AppIcon;
				ASSETCATALOG_COMPILER_GLOBAL_ACCENT_COLOR_NAME = AccentColor;
				CODE_SIGN_STYLE = Automatic;
				CURRENT_PROJECT_VERSION = 1;
				DEVELOPMENT_ASSET_PATHS = "\"Agenda_Shuffle/Preview Content\"";
				ENABLE_PREVIEWS = YES;
				GENERATE_INFOPLIST_FILE = YES;
				INFOPLIST_KEY_UIApplicationSceneManifest_Generation = YES;
				INFOPLIST_KEY_UIApplicationSupportsIndirectInputEvents = YES;
				INFOPLIST_KEY_UILaunchScreen_Generation = YES;
				INFOPLIST_KEY_UISupportedInterfaceOrientations_iPad = "UIInterfaceOrientationPortrait UIInterfaceOrientationPortraitUpsideDown UIInterfaceOrientationLandscapeLeft UIInterfaceOrientationLandscapeRight";
				INFOPLIST_KEY_UISupportedInterfaceOrientations_iPhone = "UIInterfaceOrientationPortrait UIInterfaceOrientationLandscapeLeft UIInterfaceOrientationLandscapeRight";
				LD_RUNPATH_SEARCH_PATHS = (
					"$(inherited)",
					"@executable_path/Frameworks",
				);
				MARKETING_VERSION = 1.0;
				PRODUCT_BUNDLE_IDENTIFIER = "mx.alumnos.uacj.Agenda-Shuffle";
				PRODUCT_NAME = "$(TARGET_NAME)";
				SWIFT_EMIT_LOC_STRINGS = YES;
				SWIFT_VERSION = 5.0;
				TARGETED_DEVICE_FAMILY = "1,2";
			};
			name = Debug;
		};
		FB122FEC2D6F797E00CD005A /* Release */ = {
			isa = XCBuildConfiguration;
			buildSettings = {
				ASSETCATALOG_COMPILER_APPICON_NAME = AppIcon;
				ASSETCATALOG_COMPILER_GLOBAL_ACCENT_COLOR_NAME = AccentColor;
				CODE_SIGN_STYLE = Automatic;
				CURRENT_PROJECT_VERSION = 1;
				DEVELOPMENT_ASSET_PATHS = "\"Agenda_Shuffle/Preview Content\"";
				ENABLE_PREVIEWS = YES;
				GENERATE_INFOPLIST_FILE = YES;
				INFOPLIST_KEY_UIApplicationSceneManifest_Generation = YES;
				INFOPLIST_KEY_UIApplicationSupportsIndirectInputEvents = YES;
				INFOPLIST_KEY_UILaunchScreen_Generation = YES;
				INFOPLIST_KEY_UISupportedInterfaceOrientations_iPad = "UIInterfaceOrientationPortrait UIInterfaceOrientationPortraitUpsideDown UIInterfaceOrientationLandscapeLeft UIInterfaceOrientationLandscapeRight";
				INFOPLIST_KEY_UISupportedInterfaceOrientations_iPhone = "UIInterfaceOrientationPortrait UIInterfaceOrientationLandscapeLeft UIInterfaceOrientationLandscapeRight";
				LD_RUNPATH_SEARCH_PATHS = (
					"$(inherited)",
					"@executable_path/Frameworks",
				);
				MARKETING_VERSION = 1.0;
				PRODUCT_BUNDLE_IDENTIFIER = "mx.alumnos.uacj.Agenda-Shuffle";
				PRODUCT_NAME = "$(TARGET_NAME)";
				SWIFT_EMIT_LOC_STRINGS = YES;
				SWIFT_VERSION = 5.0;
				TARGETED_DEVICE_FAMILY = "1,2";
			};
			name = Release;
		};
/* End XCBuildConfiguration section */

/* Begin XCConfigurationList section */
		FB122FD72D6F797D00CD005A /* Build configuration list for PBXProject "Agenda_Shuffle" */ = {
			isa = XCConfigurationList;
			buildConfigurations = (
				FB122FE82D6F797E00CD005A /* Debug */,
				FB122FE92D6F797E00CD005A /* Release */,
			);
			defaultConfigurationIsVisible = 0;
			defaultConfigurationName = Release;
		};
		FB122FEA2D6F797E00CD005A /* Build configuration list for PBXNativeTarget "Agenda_Shuffle" */ = {
			isa = XCConfigurationList;
			buildConfigurations = (
				FB122FEB2D6F797E00CD005A /* Debug */,
				FB122FEC2D6F797E00CD005A /* Release */,
			);
			defaultConfigurationIsVisible = 0;
			defaultConfigurationName = Release;
		};
/* End XCConfigurationList section */
	};
	rootObject = FB122FD42D6F797D00CD005A /* Project object */;
}
